
Microsoft Visual Studio Solution File, Format Version 12.00
# Visual Studio Version 16
VisualStudioVersion = 16.0.32002.261
MinimumVisualStudioVersion = 10.0.40219.1
Project("{FAE04EC0-301F-11D3-BF4B-00C04F79EFBC}") = "BookStoreApp.API", "BookStoreApp.API\BookStoreApp.API.csproj", "{980F9275-E6E5-43B1-8DA2-8C2B8446A2EE}"
EndProject
Global
	GlobalSection(SolutionConfigurationPlatforms) = preSolution
		Debug|Any CPU = Debug|Any CPU
		Release|Any CPU = Release|Any CPU
	EndGlobalSection
	GlobalSection(ProjectConfigurationPlatforms) = postSolution
		{980F9275-E6E5-43B1-8DA2-8C2B8446A2EE}.Debug|Any CPU.ActiveCfg = Debug|Any CPU
		{980F9275-E6E5-43B1-8DA2-8C2B8446A2EE}.Debug|Any CPU.Build.0 = Debug|Any CPU
		{980F9275-E6E5-43B1-8DA2-8C2B8446A2EE}.Release|Any CPU.ActiveCfg = Release|Any CPU
		{980F9275-E6E5-43B1-8DA2-8C2B8446A2EE}.Release|Any CPU.Build.0 = Release|Any CPU
	EndGlobalSection
	GlobalSection(SolutionProperties) = preSolution
		HideSolutionNode = FALSE
	EndGlobalSection
	GlobalSection(ExtensibilityGlobals) = postSolution
		SolutionGuid = {7A31B7CB-8C9C-48E1-8004-B6B237D73F92}
	EndGlobalSection
EndGlobal
